// !$*UTF8*$!
{
	archiveVersion = 1;
	classes = {
	};
	objectVersion = 46;
	objects = {

/* Begin PBXBuildFile section */
		C710F5F21C2135600064B4D1 /* main.m in Sources */ = {isa = PBXBuildFile; fileRef = C710F5F11C2135600064B4D1 /* main.m */; };
		C710F5F51C2135600064B4D1 /* AppDelegate.m in Sources */ = {isa = PBXBuildFile; fileRef = C710F5F41C2135600064B4D1 /* AppDelegate.m */; };
		C710F5FC1C2135600064B4D1 /* GameViewController.mm in Sources */ = {isa = PBXBuildFile; fileRef = C710F5FB1C2135600064B4D1 /* GameViewController.mm */; };
		C710F5FF1C2135600064B4D1 /* Main.storyboard in Resources */ = {isa = PBXBuildFile; fileRef = C710F5FD1C2135600064B4D1 /* Main.storyboard */; };
		C710F6011C2135600064B4D1 /* Assets.xcassets in Resources */ = {isa = PBXBuildFile; fileRef = C710F6001C2135600064B4D1 /* Assets.xcassets */; };
		C710F6041C2135600064B4D1 /* LaunchScreen.storyboard in Resources */ = {isa = PBXBuildFile; fileRef = C710F6021C2135600064B4D1 /* LaunchScreen.storyboard */; };
		C710F62E1C213D160064B4D1 /* GLKit.framework in Frameworks */ = {isa = PBXBuildFile; fileRef = C710F62D1C213D160064B4D1 /* GLKit.framework */; };
		C7AC4DBF1C59C7E8004A6E71 /* demo2d.cpp in Sources */ = {isa = PBXBuildFile; fileRef = C7AC4DBE1C59C7E8004A6E71 /* demo2d.cpp */; };
/* End PBXBuildFile section */

/* Begin PBXFileReference section */
		C710F5ED1C2135600064B4D1 /* ios_demo2d.app */ = {isa = PBXFileReference; explicitFileType = wrapper.application; includeInIndex = 0; path = ios_demo2d.app; sourceTree = BUILT_PRODUCTS_DIR; };
		C710F5F11C2135600064B4D1 /* main.m */ = {isa = PBXFileReference; lastKnownFileType = sourcecode.c.objc; path = main.m; sourceTree = "<group>"; };
		C710F5F31C2135600064B4D1 /* AppDelegate.h */ = {isa = PBXFileReference; lastKnownFileType = sourcecode.c.h; path = AppDelegate.h; sourceTree = "<group>"; };
		C710F5F41C2135600064B4D1 /* AppDelegate.m */ = {isa = PBXFileReference; lastKnownFileType = sourcecode.c.objc; path = AppDelegate.m; sourceTree = "<group>"; };
		C710F5FA1C2135600064B4D1 /* GameViewController.h */ = {isa = PBXFileReference; lastKnownFileType = sourcecode.c.h; path = GameViewController.h; sourceTree = "<group>"; };
		C710F5FB1C2135600064B4D1 /* GameViewController.mm */ = {isa = PBXFileReference; lastKnownFileType = sourcecode.cpp.objcpp; path = GameViewController.mm; sourceTree = "<group>"; };
		C710F5FE1C2135600064B4D1 /* Base */ = {isa = PBXFileReference; lastKnownFileType = file.storyboard; name = Base; path = Base.lproj/Main.storyboard; sourceTree = "<group>"; };
		C710F6001C2135600064B4D1 /* Assets.xcassets */ = {isa = PBXFileReference; lastKnownFileType = folder.assetcatalog; path = Assets.xcassets; sourceTree = "<group>"; };
		C710F6031C2135600064B4D1 /* Base */ = {isa = PBXFileReference; lastKnownFileType = file.storyboard; name = Base; path = Base.lproj/LaunchScreen.storyboard; sourceTree = "<group>"; };
		C710F6051C2135600064B4D1 /* Info.plist */ = {isa = PBXFileReference; lastKnownFileType = text.plist.xml; path = Info.plist; sourceTree = "<group>"; };
		C710F62D1C213D160064B4D1 /* GLKit.framework */ = {isa = PBXFileReference; lastKnownFileType = wrapper.framework; name = GLKit.framework; path = System/Library/Frameworks/GLKit.framework; sourceTree = SDKROOT; };
		C7AC4DBE1C59C7E8004A6E71 /* demo2d.cpp */ = {isa = PBXFileReference; fileEncoding = 4; lastKnownFileType = sourcecode.cpp.cpp; name = demo2d.cpp; path = ../../demo2d.cpp; sourceTree = "<group>"; };
/* End PBXFileReference section */

/* Begin PBXFrameworksBuildPhase section */
		C710F5EA1C2135600064B4D1 /* Frameworks */ = {
			isa = PBXFrameworksBuildPhase;
			buildActionMask = 2147483647;
			files = (
				C710F62E1C213D160064B4D1 /* GLKit.framework in Frameworks */,
			);
			runOnlyForDeploymentPostprocessing = 0;
		};
/* End PBXFrameworksBuildPhase section */

/* Begin PBXGroup section */
		C710F5E41C2135600064B4D1 = {
			isa = PBXGroup;
			children = (
				C7AC4DBD1C59C70C004A6E71 /* demo2d */,
				C7AC4DBC1C59C6FA004A6E71 /* moyai */,
				C710F62D1C213D160064B4D1 /* GLKit.framework */,
				C710F5EF1C2135600064B4D1 /* ios_stub */,
				C710F5EE1C2135600064B4D1 /* Products */,
			);
			sourceTree = "<group>";
		};
		C710F5EE1C2135600064B4D1 /* Products */ = {
			isa = PBXGroup;
			children = (
				C710F5ED1C2135600064B4D1 /* ios_demo2d.app */,
			);
			name = Products;
			sourceTree = "<group>";
		};
		C710F5EF1C2135600064B4D1 /* ios_stub */ = {
			isa = PBXGroup;
			children = (
				C710F5F31C2135600064B4D1 /* AppDelegate.h */,
				C710F5F41C2135600064B4D1 /* AppDelegate.m */,
				C710F5FA1C2135600064B4D1 /* GameViewController.h */,
				C710F5FB1C2135600064B4D1 /* GameViewController.mm */,
				C710F5FD1C2135600064B4D1 /* Main.storyboard */,
				C710F6001C2135600064B4D1 /* Assets.xcassets */,
				C710F6021C2135600064B4D1 /* LaunchScreen.storyboard */,
				C710F6051C2135600064B4D1 /* Info.plist */,
				C710F5F01C2135600064B4D1 /* Supporting Files */,
			);
			name = ios_stub;
			path = ios_demo2d;
			sourceTree = "<group>";
		};
		C710F5F01C2135600064B4D1 /* Supporting Files */ = {
			isa = PBXGroup;
			children = (
				C710F5F11C2135600064B4D1 /* main.m */,
			);
			name = "Supporting Files";
			sourceTree = "<group>";
		};
		C7AC4DBC1C59C6FA004A6E71 /* moyai */ = {
			isa = PBXGroup;
			children = (
			);
			name = moyai;
			sourceTree = "<group>";
		};
		C7AC4DBD1C59C70C004A6E71 /* demo2d */ = {
			isa = PBXGroup;
			children = (
				C7AC4DBE1C59C7E8004A6E71 /* demo2d.cpp */,
			);
			name = demo2d;
			sourceTree = "<group>";
		};
/* End PBXGroup section */

/* Begin PBXNativeTarget section */
		C710F5EC1C2135600064B4D1 /* ios_demo2d */ = {
			isa = PBXNativeTarget;
			buildConfigurationList = C710F6081C2135600064B4D1 /* Build configuration list for PBXNativeTarget "ios_demo2d" */;
			buildPhases = (
				C710F5E91C2135600064B4D1 /* Sources */,
				C710F5EA1C2135600064B4D1 /* Frameworks */,
				C710F5EB1C2135600064B4D1 /* Resources */,
			);
			buildRules = (
			);
			dependencies = (
			);
			name = ios_demo2d;
			productName = ios_demo2d;
			productReference = C710F5ED1C2135600064B4D1 /* ios_demo2d.app */;
			productType = "com.apple.product-type.application";
		};
/* End PBXNativeTarget section */

/* Begin PBXProject section */
		C710F5E51C2135600064B4D1 /* Project object */ = {
			isa = PBXProject;
			attributes = {
				LastUpgradeCheck = 0710;
				ORGANIZATIONNAME = ringo;
				TargetAttributes = {
					C710F5EC1C2135600064B4D1 = {
						CreatedOnToolsVersion = 7.1.1;
					};
				};
			};
			buildConfigurationList = C710F5E81C2135600064B4D1 /* Build configuration list for PBXProject "ios_demo2d" */;
			compatibilityVersion = "Xcode 3.2";
			developmentRegion = English;
			hasScannedForEncodings = 0;
			knownRegions = (
				en,
				Base,
			);
			mainGroup = C710F5E41C2135600064B4D1;
			productRefGroup = C710F5EE1C2135600064B4D1 /* Products */;
			projectDirPath = "";
			projectRoot = "";
			targets = (
				C710F5EC1C2135600064B4D1 /* ios_demo2d */,
			);
		};
/* End PBXProject section */

/* Begin PBXResourcesBuildPhase section */
		C710F5EB1C2135600064B4D1 /* Resources */ = {
			isa = PBXResourcesBuildPhase;
			buildActionMask = 2147483647;
			files = (
				C710F5FF1C2135600064B4D1 /* Main.storyboard in Resources */,
				C710F6011C2135600064B4D1 /* Assets.xcassets in Resources */,
				C710F6041C2135600064B4D1 /* LaunchScreen.storyboard in Resources */,
			);
			runOnlyForDeploymentPostprocessing = 0;
		};
/* End PBXResourcesBuildPhase section */

/* Begin PBXSourcesBuildPhase section */
		C710F5E91C2135600064B4D1 /* Sources */ = {
			isa = PBXSourcesBuildPhase;
			buildActionMask = 2147483647;
			files = (
				C710F5F51C2135600064B4D1 /* AppDelegate.m in Sources */,
				C710F5FC1C2135600064B4D1 /* GameViewController.mm in Sources */,
				C7AC4DBF1C59C7E8004A6E71 /* demo2d.cpp in Sources */,
				C710F5F21C2135600064B4D1 /* main.m in Sources */,
			);
			runOnlyForDeploymentPostprocessing = 0;
		};
/* End PBXSourcesBuildPhase section */

/* Begin PBXVariantGroup section */
		C710F5FD1C2135600064B4D1 /* Main.storyboard */ = {
			isa = PBXVariantGroup;
			children = (
				C710F5FE1C2135600064B4D1 /* Base */,
			);
			name = Main.storyboard;
			sourceTree = "<group>";
		};
		C710F6021C2135600064B4D1 /* LaunchScreen.storyboard */ = {
			isa = PBXVariantGroup;
			children = (
				C710F6031C2135600064B4D1 /* Base */,
			);
			name = LaunchScreen.storyboard;
			sourceTree = "<group>";
		};
/* End PBXVariantGroup section */

/* Begin XCBuildConfiguration section */
		C710F6061C2135600064B4D1 /* Debug */ = {
			isa = XCBuildConfiguration;
			buildSettings = {
				ALWAYS_SEARCH_USER_PATHS = NO;
				CLANG_CXX_LANGUAGE_STANDARD = "gnu++0x";
				CLANG_CXX_LIBRARY = "libc++";
				CLANG_ENABLE_MODULES = YES;
				CLANG_ENABLE_OBJC_ARC = YES;
				CLANG_WARN_BOOL_CONVERSION = YES;
				CLANG_WARN_CONSTANT_CONVERSION = YES;
				CLANG_WARN_DIRECT_OBJC_ISA_USAGE = YES_ERROR;
				CLANG_WARN_EMPTY_BODY = YES;
				CLANG_WARN_ENUM_CONVERSION = YES;
				CLANG_WARN_INT_CONVERSION = YES;
				CLANG_WARN_OBJC_ROOT_CLASS = YES_ERROR;
				CLANG_WARN_UNREACHABLE_CODE = YES;
				CLANG_WARN__DUPLICATE_METHOD_MATCH = YES;
				"CODE_SIGN_IDENTITY[sdk=iphoneos*]" = "iPhone Developer";
				COPY_PHASE_STRIP = NO;
				DEBUG_INFORMATION_FORMAT = "dwarf-with-dsym";
				ENABLE_STRICT_OBJC_MSGSEND = YES;
				ENABLE_TESTABILITY = YES;
				GCC_C_LANGUAGE_STANDARD = gnu99;
				GCC_DYNAMIC_NO_PIC = NO;
				GCC_NO_COMMON_BLOCKS = YES;
				GCC_OPTIMIZATION_LEVEL = 0;
				GCC_PREPROCESSOR_DEFINITIONS = (
					"DEBUG=1",
					"$(inherited)",
				);
				GCC_WARN_64_TO_32_BIT_CONVERSION = YES;
				GCC_WARN_ABOUT_RETURN_TYPE = YES_ERROR;
				GCC_WARN_UNDECLARED_SELECTOR = YES;
				GCC_WARN_UNINITIALIZED_AUTOS = YES_AGGRESSIVE;
				GCC_WARN_UNUSED_FUNCTION = YES;
				GCC_WARN_UNUSED_VARIABLE = YES;
				IPHONEOS_DEPLOYMENT_TARGET = 9.1;
				MTL_ENABLE_DEBUG_INFO = YES;
				ONLY_ACTIVE_ARCH = YES;
				SDKROOT = iphoneos;
				TARGETED_DEVICE_FAMILY = "1,2";
			};
			name = Debug;
		};
		C710F6071C2135600064B4D1 /* Release */ = {
			isa = XCBuildConfiguration;
			buildSettings = {
				ALWAYS_SEARCH_USER_PATHS = NO;
				CLANG_CXX_LANGUAGE_STANDARD = "gnu++0x";
				CLANG_CXX_LIBRARY = "libc++";
				CLANG_ENABLE_MODULES = YES;
				CLANG_ENABLE_OBJC_ARC = YES;
				CLANG_WARN_BOOL_CONVERSION = YES;
				CLANG_WARN_CONSTANT_CONVERSION = YES;
				CLANG_WARN_DIRECT_OBJC_ISA_USAGE = YES_ERROR;
				CLANG_WARN_EMPTY_BODY = YES;
				CLANG_WARN_ENUM_CONVERSION = YES;
				CLANG_WARN_INT_CONVERSION = YES;
				CLANG_WARN_OBJC_ROOT_CLASS = YES_ERROR;
				CLANG_WARN_UNREACHABLE_CODE = YES;
				CLANG_WARN__DUPLICATE_METHOD_MATCH = YES;
				"CODE_SIGN_IDENTITY[sdk=iphoneos*]" = "iPhone Developer";
				COPY_PHASE_STRIP = NO;
				DEBUG_INFORMATION_FORMAT = "dwarf-with-dsym";
				ENABLE_NS_ASSERTIONS = NO;
				ENABLE_STRICT_OBJC_MSGSEND = YES;
				GCC_C_LANGUAGE_STANDARD = gnu99;
				GCC_NO_COMMON_BLOCKS = YES;
				GCC_WARN_64_TO_32_BIT_CONVERSION = YES;
				GCC_WARN_ABOUT_RETURN_TYPE = YES_ERROR;
				GCC_WARN_UNDECLARED_SELECTOR = YES;
				GCC_WARN_UNINITIALIZED_AUTOS = YES_AGGRESSIVE;
				GCC_WARN_UNUSED_FUNCTION = YES;
				GCC_WARN_UNUSED_VARIABLE = YES;
				IPHONEOS_DEPLOYMENT_TARGET = 9.1;
				MTL_ENABLE_DEBUG_INFO = NO;
				SDKROOT = iphoneos;
				TARGETED_DEVICE_FAMILY = "1,2";
				VALIDATE_PRODUCT = YES;
			};
			name = Release;
		};
		C710F6091C2135600064B4D1 /* Debug */ = {
			isa = XCBuildConfiguration;
			buildSettings = {
				ASSETCATALOG_COMPILER_APPICON_NAME = AppIcon;
				INFOPLIST_FILE = ios_demo2d/Info.plist;
				LD_RUNPATH_SEARCH_PATHS = "$(inherited) @executable_path/Frameworks";
				PRODUCT_BUNDLE_IDENTIFIER = "com.fluidtest.ios-demo2d";
				PRODUCT_NAME = "$(TARGET_NAME)";
			};
			name = Debug;
		};
		C710F60A1C2135600064B4D1 /* Release */ = {
			isa = XCBuildConfiguration;
			buildSettings = {
				ASSETCATALOG_COMPILER_APPICON_NAME = AppIcon;
				INFOPLIST_FILE = ios_demo2d/Info.plist;
				LD_RUNPATH_SEARCH_PATHS = "$(inherited) @executable_path/Frameworks";
				PRODUCT_BUNDLE_IDENTIFIER = "com.fluidtest.ios-demo2d";
				PRODUCT_NAME = "$(TARGET_NAME)";
			};
			name = Release;
		};
/* End XCBuildConfiguration section */

/* Begin XCConfigurationList section */
		C710F5E81C2135600064B4D1 /* Build configuration list for PBXProject "ios_demo2d" */ = {
			isa = XCConfigurationList;
			buildConfigurations = (
				C710F6061C2135600064B4D1 /* Debug */,
				C710F6071C2135600064B4D1 /* Release */,
			);
			defaultConfigurationIsVisible = 0;
			defaultConfigurationName = Release;
		};
		C710F6081C2135600064B4D1 /* Build configuration list for PBXNativeTarget "ios_demo2d" */ = {
			isa = XCConfigurationList;
			buildConfigurations = (
				C710F6091C2135600064B4D1 /* Debug */,
				C710F60A1C2135600064B4D1 /* Release */,
			);
			defaultConfigurationIsVisible = 0;
			defaultConfigurationName = Release;
		};
/* End XCConfigurationList section */
	};
	rootObject = C710F5E51C2135600064B4D1 /* Project object */;
}
