
Microsoft Visual Studio Solution File, Format Version 12.00
# Visual Studio 2012
Project("{8BC9CEB8-8B4A-11D0-8D11-00A0C91BC942}") = "demowin", "demowin.vcxproj", "{59B96775-DB5D-462C-AA54-9DB288379BC6}"
	ProjectSection(ProjectDependencies) = postProject
		{CF2592FD-C86F-4FAD-A58F-946CE86C8284} = {CF2592FD-C86F-4FAD-A58F-946CE86C8284}
	EndProjectSection
EndProject
Project("{8BC9CEB8-8B4A-11D0-8D11-00A0C91BC942}") = "moyai", "..\moyai\moyai.vcxproj", "{CF2592FD-C86F-4FAD-A58F-946CE86C8284}"
EndProject
Global
	GlobalSection(SolutionConfigurationPlatforms) = preSolution
		DebugD3D|Win32 = DebugD3D|Win32
		DebugOGL|Win32 = DebugOGL|Win32
		ReleaseD3D|Win32 = ReleaseD3D|Win32
		ReleaseOGL|Win32 = ReleaseOGL|Win32
	EndGlobalSection
	GlobalSection(ProjectConfigurationPlatforms) = postSolution
		{59B96775-DB5D-462C-AA54-9DB288379BC6}.DebugD3D|Win32.ActiveCfg = DebugD3D|Win32
		{59B96775-DB5D-462C-AA54-9DB288379BC6}.DebugD3D|Win32.Build.0 = DebugD3D|Win32
		{59B96775-DB5D-462C-AA54-9DB288379BC6}.DebugOGL|Win32.ActiveCfg = DebugOGL|Win32
		{59B96775-DB5D-462C-AA54-9DB288379BC6}.DebugOGL|Win32.Build.0 = DebugOGL|Win32
		{59B96775-DB5D-462C-AA54-9DB288379BC6}.ReleaseD3D|Win32.ActiveCfg = ReleaseD3D|Win32
		{59B96775-DB5D-462C-AA54-9DB288379BC6}.ReleaseD3D|Win32.Build.0 = ReleaseD3D|Win32
		{59B96775-DB5D-462C-AA54-9DB288379BC6}.ReleaseOGL|Win32.ActiveCfg = ReleaseOGL|Win32
		{59B96775-DB5D-462C-AA54-9DB288379BC6}.ReleaseOGL|Win32.Build.0 = ReleaseOGL|Win32
		{CF2592FD-C86F-4FAD-A58F-946CE86C8284}.DebugD3D|Win32.ActiveCfg = DebugD3D|Win32
		{CF2592FD-C86F-4FAD-A58F-946CE86C8284}.DebugD3D|Win32.Build.0 = DebugD3D|Win32
		{CF2592FD-C86F-4FAD-A58F-946CE86C8284}.DebugOGL|Win32.ActiveCfg = DebugOGL|Win32
		{CF2592FD-C86F-4FAD-A58F-946CE86C8284}.DebugOGL|Win32.Build.0 = DebugOGL|Win32
		{CF2592FD-C86F-4FAD-A58F-946CE86C8284}.ReleaseD3D|Win32.ActiveCfg = ReleaseD3D|Win32
		{CF2592FD-C86F-4FAD-A58F-946CE86C8284}.ReleaseD3D|Win32.Build.0 = ReleaseD3D|Win32
		{CF2592FD-C86F-4FAD-A58F-946CE86C8284}.ReleaseOGL|Win32.ActiveCfg = ReleaseOGL|Win32
		{CF2592FD-C86F-4FAD-A58F-946CE86C8284}.ReleaseOGL|Win32.Build.0 = ReleaseOGL|Win32
	EndGlobalSection
	GlobalSection(SolutionProperties) = preSolution
		HideSolutionNode = FALSE
	EndGlobalSection
EndGlobal
