<?xml version="1.0" encoding="utf-8"?>
<Project ToolsVersion="4.0" xmlns="http://schemas.microsoft.com/developer/msbuild/2003">
  <ItemGroup>
    <Filter Include="Source Files">
      <UniqueIdentifier>{4FC737F1-C7A5-4376-A066-2A32D752A2FF}</UniqueIdentifier>
      <Extensions>cpp;c;cc;cxx;def;odl;idl;hpj;bat;asm;asmx</Extensions>
    </Filter>
    <Filter Include="Header Files">
      <UniqueIdentifier>{93995380-89BD-4b04-88EB-625FBE52EBFB}</UniqueIdentifier>
      <Extensions>h;hpp;hxx;hm;inl;inc;xsd</Extensions>
    </Filter>
    <Filter Include="Resource Files">
      <UniqueIdentifier>{67DA6AB6-F800-4c08-8B7A-83BB121AAD01}</UniqueIdentifier>
      <Extensions>rc;ico;cur;bmp;dlg;rc2;rct;bin;rgs;gif;jpg;jpeg;jpe;resx;tiff;tif;png;wav;mfcribbon-ms</Extensions>
    </Filter>
    <Filter Include="Header Files\Direct3D">
      <UniqueIdentifier>{89bc70f5-795f-4e3a-b50e-4ac72323eccc}</UniqueIdentifier>
    </Filter>
    <Filter Include="Header Files\OpenGL">
      <UniqueIdentifier>{639a5f3f-388b-4522-a94b-c67375453b33}</UniqueIdentifier>
    </Filter>
    <Filter Include="Header Files\GFX API Specific">
      <UniqueIdentifier>{372b994f-1ecf-4701-9323-d25d790f0f32}</UniqueIdentifier>
    </Filter>
  </ItemGroup>
  <ItemGroup>
    <ClCompile Include="..\common.cpp">
      <Filter>Source Files</Filter>
    </ClCompile>
    <ClCompile Include="..\cumino.cpp">
      <Filter>Source Files</Filter>
    </ClCompile>
    <ClCompile Include="..\CharGrid.cpp">
      <Filter>Source Files</Filter>
    </ClCompile>
    <ClCompile Include="..\Camera.cpp">
      <Filter>Source Files</Filter>
    </ClCompile>
    <ClCompile Include="..\Grid.cpp">
      <Filter>Source Files</Filter>
    </ClCompile>
    <ClCompile Include="..\Mesh.cpp">
      <Filter>Source Files</Filter>
    </ClCompile>
    <ClCompile Include="..\Pad.cpp">
      <Filter>Source Files</Filter>
    </ClCompile>
    <ClCompile Include="..\PerformanceCounter.cpp">
      <Filter>Source Files</Filter>
    </ClCompile>
    <ClCompile Include="..\PrimDrawer.cpp">
      <Filter>Source Files</Filter>
    </ClCompile>
    <ClCompile Include="..\Sound.cpp">
      <Filter>Source Files</Filter>
    </ClCompile>
    <ClCompile Include="..\SoundSystem.cpp">
      <Filter>Source Files</Filter>
    </ClCompile>
    <ClCompile Include="..\VertexFormat.cpp">
      <Filter>Source Files</Filter>
    </ClCompile>
    <ClCompile Include="..\IndexBuffer.cpp">
      <Filter>Source Files</Filter>
    </ClCompile>
    <ClCompile Include="..\Layer.cpp">
      <Filter>Source Files</Filter>
    </ClCompile>
    <ClCompile Include="..\TileDeck.cpp">
      <Filter>Source Files</Filter>
    </ClCompile>
    <ClCompile Include="..\VertexBuffer.cpp">
      <Filter>Source Files</Filter>
    </ClCompile>
    <ClCompile Include="..\Viewport.cpp">
      <Filter>Source Files</Filter>
    </ClCompile>
    <ClCompile Include="..\ColorReplacerShader.cpp">
      <Filter>Source Files</Filter>
    </ClCompile>
    <ClCompile Include="..\MoyaiClient.cpp">
      <Filter>Source Files</Filter>
    </ClCompile>
    <ClCompile Include="..\DrawBatch.cpp">
      <Filter>Source Files</Filter>
    </ClCompile>
    <ClCompile Include="..\Prim.cpp">
      <Filter>Source Files</Filter>
    </ClCompile>
    <ClCompile Include="..\Texture.cpp">
      <Filter>Source Files</Filter>
    </ClCompile>
    <ClCompile Include="..\Prop2D.cpp">
      <Filter>Source Files</Filter>
    </ClCompile>
    <ClCompile Include="..\Prop3D.cpp">
      <Filter>Source Files</Filter>
    </ClCompile>
    <ClCompile Include="..\TextBox.cpp">
      <Filter>Source Files</Filter>
    </ClCompile>
    <ClCompile Include="..\Font.cpp">
      <Filter>Source Files</Filter>
    </ClCompile>
    <ClCompile Include="..\FragmentShader.cpp">
      <Filter>Source Files</Filter>
    </ClCompile>
    <ClCompile Include="..\Keyboard.cpp">
      <Filter>Source Files</Filter>
    </ClCompile>
    <ClCompile Include="..\Remote.cpp">
      <Filter>Source Files</Filter>
    </ClCompile>
    <ClCompile Include="..\ConvertUTF.c">
      <Filter>Source Files</Filter>
    </ClCompile>
    <ClCompile Include="..\JPEGCoder.cpp">
      <Filter>Source Files</Filter>
    </ClCompile>
  </ItemGroup>
  <ItemGroup>
    <ClInclude Include="..\common\ColorReplacerShader.h">
      <Filter>Header Files\GFX API Specific</Filter>
    </ClInclude>
    <ClInclude Include="..\common\Font.h">
      <Filter>Header Files\GFX API Specific</Filter>
    </ClInclude>
    <ClInclude Include="..\common\FragmentShader.h">
      <Filter>Header Files\GFX API Specific</Filter>
    </ClInclude>
    <ClInclude Include="..\common\IndexBuffer.h">
      <Filter>Header Files\GFX API Specific</Filter>
    </ClInclude>
    <ClInclude Include="..\common\Layer.h">
      <Filter>Header Files\GFX API Specific</Filter>
    </ClInclude>
    <ClInclude Include="..\common\MoyaiClient.h">
      <Filter>Header Files\GFX API Specific</Filter>
    </ClInclude>
    <ClInclude Include="..\common\Prim.h">
      <Filter>Header Files\GFX API Specific</Filter>
    </ClInclude>
    <ClInclude Include="..\common\Prop2D.h">
      <Filter>Header Files\GFX API Specific</Filter>
    </ClInclude>
    <ClInclude Include="..\common\Prop3D.h">
      <Filter>Header Files\GFX API Specific</Filter>
    </ClInclude>
    <ClInclude Include="..\common\TextBox.h">
      <Filter>Header Files\GFX API Specific</Filter>
    </ClInclude>
    <ClInclude Include="..\common\Texture.h">
      <Filter>Header Files\GFX API Specific</Filter>
    </ClInclude>
    <ClInclude Include="..\common\VertexBuffer.h">
      <Filter>Header Files\GFX API Specific</Filter>
    </ClInclude>
    <ClInclude Include="..\common\Viewport.h">
      <Filter>Header Files\GFX API Specific</Filter>
    </ClInclude>
    <ClInclude Include="..\common\Animation.h">
      <Filter>Header Files</Filter>
    </ClInclude>
    <ClInclude Include="..\common\AnimCurve.h">
      <Filter>Header Files</Filter>
    </ClInclude>
    <ClInclude Include="..\common\Camera.h">
      <Filter>Header Files</Filter>
    </ClInclude>
    <ClInclude Include="..\common\CharGrid.h">
      <Filter>Header Files</Filter>
    </ClInclude>
    <ClInclude Include="..\common\Enums.h">
      <Filter>Header Files</Filter>
    </ClInclude>
    <ClInclude Include="..\common\Grid.h">
      <Filter>Header Files</Filter>
    </ClInclude>
    <ClInclude Include="..\common\Light.h">
      <Filter>Header Files</Filter>
    </ClInclude>
    <ClInclude Include="..\common\Material.h">
      <Filter>Header Files</Filter>
    </ClInclude>
    <ClInclude Include="..\common\Mesh.h">
      <Filter>Header Files</Filter>
    </ClInclude>
    <ClInclude Include="..\common\Pad.h">
      <Filter>Header Files</Filter>
    </ClInclude>
    <ClInclude Include="..\common\PrimDrawer.h">
      <Filter>Header Files</Filter>
    </ClInclude>
    <ClInclude Include="..\common\Renderable.h">
      <Filter>Header Files</Filter>
    </ClInclude>
    <ClInclude Include="..\common\Sound.h">
      <Filter>Header Files</Filter>
    </ClInclude>
    <ClInclude Include="..\common\SoundSystem.h">
      <Filter>Header Files</Filter>
    </ClInclude>
    <ClInclude Include="..\common\TileDeck.h">
      <Filter>Header Files</Filter>
    </ClInclude>
    <ClInclude Include="..\common\VertexFormat.h">
      <Filter>Header Files</Filter>
    </ClInclude>
    <ClInclude Include="..\client.h">
      <Filter>Header Files</Filter>
    </ClInclude>
    <ClInclude Include="..\common.h">
      <Filter>Header Files</Filter>
    </ClInclude>
    <ClInclude Include="..\cumino.h">
      <Filter>Header Files</Filter>
    </ClInclude>
    <ClInclude Include="..\lodepng.h">
      <Filter>Header Files</Filter>
    </ClInclude>
    <ClInclude Include="..\opengl\ColorReplacerShader_OGL.h">
      <Filter>Header Files\OpenGL</Filter>
    </ClInclude>
    <ClInclude Include="..\opengl\Font_OGL.h">
      <Filter>Header Files\OpenGL</Filter>
    </ClInclude>
    <ClInclude Include="..\opengl\FragmentShader_OGL.h">
      <Filter>Header Files\OpenGL</Filter>
    </ClInclude>
    <ClInclude Include="..\opengl\IndexBuffer_OGL.h">
      <Filter>Header Files\OpenGL</Filter>
    </ClInclude>
    <ClInclude Include="..\opengl\Layer_OGL.h">
      <Filter>Header Files\OpenGL</Filter>
    </ClInclude>
    <ClInclude Include="..\opengl\MoyaiClient_OGL.h">
      <Filter>Header Files\OpenGL</Filter>
    </ClInclude>
    <ClInclude Include="..\opengl\Prim_OGL.h">
      <Filter>Header Files\OpenGL</Filter>
    </ClInclude>
    <ClInclude Include="..\opengl\Prop2D_OGL.h">
      <Filter>Header Files\OpenGL</Filter>
    </ClInclude>
    <ClInclude Include="..\opengl\Prop3D_OGL.h">
      <Filter>Header Files\OpenGL</Filter>
    </ClInclude>
    <ClInclude Include="..\opengl\TextBox_OGL.h">
      <Filter>Header Files\OpenGL</Filter>
    </ClInclude>
    <ClInclude Include="..\opengl\Texture_OGL.h">
      <Filter>Header Files\OpenGL</Filter>
    </ClInclude>
    <ClInclude Include="..\opengl\VertexBuffer_OGL.h">
      <Filter>Header Files\OpenGL</Filter>
    </ClInclude>
    <ClInclude Include="..\opengl\Viewport_OGL.h">
      <Filter>Header Files\OpenGL</Filter>
    </ClInclude>
    <ClInclude Include="..\direct3d\ColorReplacerShader_D3D.h">
      <Filter>Header Files\Direct3D</Filter>
    </ClInclude>
    <ClInclude Include="..\direct3d\Context_D3D.h">
      <Filter>Header Files\Direct3D</Filter>
    </ClInclude>
    <ClInclude Include="..\direct3d\Font_D3D.h">
      <Filter>Header Files\Direct3D</Filter>
    </ClInclude>
    <ClInclude Include="..\direct3d\FragmentShader_D3D.h">
      <Filter>Header Files\Direct3D</Filter>
    </ClInclude>
    <ClInclude Include="..\direct3d\glfw_D3D.h">
      <Filter>Header Files\Direct3D</Filter>
    </ClInclude>
    <ClInclude Include="..\direct3d\IndexBuffer_D3D.h">
      <Filter>Header Files\Direct3D</Filter>
    </ClInclude>
    <ClInclude Include="..\direct3d\Layer_D3D.h">
      <Filter>Header Files\Direct3D</Filter>
    </ClInclude>
    <ClInclude Include="..\direct3d\Macro.h">
      <Filter>Header Files\Direct3D</Filter>
    </ClInclude>
    <ClInclude Include="..\direct3d\MoyaiClient_D3D.h">
      <Filter>Header Files\Direct3D</Filter>
    </ClInclude>
    <ClInclude Include="..\direct3d\Prim_D3D.h">
      <Filter>Header Files\Direct3D</Filter>
    </ClInclude>
    <ClInclude Include="..\direct3d\Prop2D_D3D.h">
      <Filter>Header Files\Direct3D</Filter>
    </ClInclude>
    <ClInclude Include="..\direct3d\Prop3D_D3D.h">
      <Filter>Header Files\Direct3D</Filter>
    </ClInclude>
    <ClInclude Include="..\direct3d\TextBox_D3D.h">
      <Filter>Header Files\Direct3D</Filter>
    </ClInclude>
    <ClInclude Include="..\direct3d\Texture_D3D.h">
      <Filter>Header Files\Direct3D</Filter>
    </ClInclude>
    <ClInclude Include="..\direct3d\Vertex_D3D.h">
      <Filter>Header Files\Direct3D</Filter>
    </ClInclude>
    <ClInclude Include="..\direct3d\VertexBuffer_D3D.h">
      <Filter>Header Files\Direct3D</Filter>
    </ClInclude>
    <ClInclude Include="..\direct3d\Viewport_D3D.h">
      <Filter>Header Files\Direct3D</Filter>
    </ClInclude>
    <ClInclude Include="..\common\Dependencies.h">
      <Filter>Header Files\GFX API Specific</Filter>
    </ClInclude>
    <ClInclude Include="..\opengl\Dependencies_OGL.h">
      <Filter>Header Files\OpenGL</Filter>
    </ClInclude>
    <ClInclude Include="..\direct3d\Dependencies_D3D.h">
      <Filter>Header Files\Direct3D</Filter>
    </ClInclude>
    <ClInclude Include="..\common\PerformanceCounter.h">
      <Filter>Header Files</Filter>
    </ClInclude>
    <ClInclude Include="..\direct3d\KeyBindings.h">
      <Filter>Header Files\Direct3D</Filter>
    </ClInclude>
    <ClInclude Include="..\direct3d\GPUMarker_D3D.h">
      <Filter>Header Files\Direct3D</Filter>
    </ClInclude>
    <ClInclude Include="..\opengl\GPUMarker_OGL.h">
      <Filter>Header Files\OpenGL</Filter>
    </ClInclude>
    <ClInclude Include="..\common\GPUMarker.h">
      <Filter>Header Files\GFX API Specific</Filter>
    </ClInclude>
    <ClInclude Include="..\direct3d\ShaderCode_D3D.h">
      <Filter>Header Files\Direct3D</Filter>
    </ClInclude>
    <ClInclude Include="..\direct3d\Color_D3D.h">
      <Filter>Header Files\Direct3D</Filter>
    </ClInclude>
  </ItemGroup>
</Project>